
Microsoft Visual Studio Solution File, Format Version 12.00
# Visual Studio Version 16
VisualStudioVersion = 16.0.29519.87
MinimumVisualStudioVersion = 10.0.40219.1
Project("{8BC9CEB8-8B4A-11D0-8D11-00A0C91BC942}") = "RecetteSecrette", "RecetteSecrette.vcxproj", "{D9482AD0-97BD-4CAF-9A50-8C6EBB3EC14C}"
EndProject
Global
	GlobalSection(SolutionConfigurationPlatforms) = preSolution
		Debug|x64 = Debug|x64
		Debug|x86 = Debug|x86
		Release|x64 = Release|x64
		Release|x86 = Release|x86
	EndGlobalSection
	GlobalSection(ProjectConfigurationPlatforms) = postSolution
		{D9482AD0-97BD-4CAF-9A50-8C6EBB3EC14C}.Debug|x64.ActiveCfg = Debug|x64
		{D9482AD0-97BD-4CAF-9A50-8C6EBB3EC14C}.Debug|x64.Build.0 = Debug|x64
		{D9482AD0-97BD-4CAF-9A50-8C6EBB3EC14C}.Debug|x86.ActiveCfg = Debug|Win32
		{D9482AD0-97BD-4CAF-9A50-8C6EBB3EC14C}.Debug|x86.Build.0 = Debug|Win32
		{D9482AD0-97BD-4CAF-9A50-8C6EBB3EC14C}.Release|x64.ActiveCfg = Release|x64
		{D9482AD0-97BD-4CAF-9A50-8C6EBB3EC14C}.Release|x64.Build.0 = Release|x64
		{D9482AD0-97BD-4CAF-9A50-8C6EBB3EC14C}.Release|x86.ActiveCfg = Release|Win32
		{D9482AD0-97BD-4CAF-9A50-8C6EBB3EC14C}.Release|x86.Build.0 = Release|Win32
	EndGlobalSection
	GlobalSection(SolutionProperties) = preSolution
		HideSolutionNode = FALSE
	EndGlobalSection
	GlobalSection(ExtensibilityGlobals) = postSolution
		SolutionGuid = {E923D91F-3083-4728-AD72-23DD2F99F60A}
	EndGlobalSection
EndGlobal
